# This file is automatically @generated by Cargo.
# It is not intended for manual editing.
version = 4

[[package]]
name = "cc"
version = "1.1.34"
source = "registry+https://github.com/rust-lang/crates.io-index"
checksum = "67b9470d453346108f93a59222a9a1a5724db32d0a4727b7ab7ace4b4d822dc9"
dependencies = [
 "shlex",
]

[[package]]
name = "crowsa"
version = "0.0.1"
dependencies = [
 "hyaline",
]

[[package]]
name = "crowsa-hello_world"
version = "1.0.0"
dependencies = [
 "crowsa",
]

[[package]]
name = "hyaline"
version = "0.2.1"
dependencies = [
 "hyaline-bindings",
]

[[package]]
name = "hyaline-bindings"
version = "1.0.0"
dependencies = [
 "cc",
 "pkg-config",
]

[[package]]
name = "pkg-config"
version = "0.3.31"
source = "registry+https://github.com/rust-lang/crates.io-index"
checksum = "953ec861398dccce10c670dfeaf3ec4911ca479e9c02154b3a215178c5f566f2"

[[package]]
name = "shlex"
version = "1.3.0"
source = "registry+https://github.com/rust-lang/crates.io-index"
checksum = "0fda2ff0d084019ba4d7c6f371c95d8fd75ce3524c3cb8fb653a3023f6323e64"
